
Microsoft Visual Studio Solution File, Format Version 12.00
# Visual Studio Version 16
VisualStudioVersion = 16.0.28922.388
MinimumVisualStudioVersion = 10.0.40219.1
Project("{FAE04EC0-301F-11D3-BF4B-00C04F79EFBC}") = "ConsoleApp1", "ConsoleApp1\ConsoleApp1.csproj", "{95D8F2F3-DCC4-4394-B787-FBEF8204F9C1}"
EndProject
Global
	GlobalSection(SolutionConfigurationPlatforms) = preSolution
		Debug|Any CPU = Debug|Any CPU
		Release|Any CPU = Release|Any CPU
	EndGlobalSection
	GlobalSection(ProjectConfigurationPlatforms) = postSolution
		{95D8F2F3-DCC4-4394-B787-FBEF8204F9C1}.Debug|Any CPU.ActiveCfg = Debug|Any CPU
		{95D8F2F3-DCC4-4394-B787-FBEF8204F9C1}.Debug|Any CPU.Build.0 = Debug|Any CPU
		{95D8F2F3-DCC4-4394-B787-FBEF8204F9C1}.Release|Any CPU.ActiveCfg = Release|Any CPU
		{95D8F2F3-DCC4-4394-B787-FBEF8204F9C1}.Release|Any CPU.Build.0 = Release|Any CPU
	EndGlobalSection
	GlobalSection(SolutionProperties) = preSolution
		HideSolutionNode = FALSE
	EndGlobalSection
	GlobalSection(ExtensibilityGlobals) = postSolution
		SolutionGuid = {7EE1B1ED-EE7B-4EB6-A46F-FC3C7F7D224A}
	EndGlobalSection
EndGlobal
